
Microsoft Visual Studio Solution File, Format Version 12.00
# Visual Studio 2013
VisualStudioVersion = 12.0.30723.0
MinimumVisualStudioVersion = 10.0.40219.1
Project("{FAE04EC0-301F-11D3-BF4B-00C04F79EFBC}") = "WebInterfaceRole", "WebInterfaceRole\WebInterfaceRole.csproj", "{F9A27F87-296D-442B-8E32-407E87B1DE4F}"
EndProject
Project("{FAE04EC0-301F-11D3-BF4B-00C04F79EFBC}") = "WebInterfaceRole.Tests", "WebInterfaceRole.Tests\WebInterfaceRole.Tests.csproj", "{86E0DD2A-213D-4994-B3E5-9494E8E981B2}"
EndProject
Project("{FAE04EC0-301F-11D3-BF4B-00C04F79EFBC}") = "DocumentScanningLibrary", "DocumentScanningLibrary\DocumentScanningLibrary.csproj", "{55D702F7-E454-467F-9691-1EA890ECE37E}"
EndProject
Global
	GlobalSection(SolutionConfigurationPlatforms) = preSolution
		Debug|Any CPU = Debug|Any CPU
		Release|Any CPU = Release|Any CPU
	EndGlobalSection
	GlobalSection(ProjectConfigurationPlatforms) = postSolution
		{F9A27F87-296D-442B-8E32-407E87B1DE4F}.Debug|Any CPU.ActiveCfg = Debug|Any CPU
		{F9A27F87-296D-442B-8E32-407E87B1DE4F}.Debug|Any CPU.Build.0 = Debug|Any CPU
		{F9A27F87-296D-442B-8E32-407E87B1DE4F}.Release|Any CPU.ActiveCfg = Release|Any CPU
		{F9A27F87-296D-442B-8E32-407E87B1DE4F}.Release|Any CPU.Build.0 = Release|Any CPU
		{86E0DD2A-213D-4994-B3E5-9494E8E981B2}.Debug|Any CPU.ActiveCfg = Debug|Any CPU
		{86E0DD2A-213D-4994-B3E5-9494E8E981B2}.Debug|Any CPU.Build.0 = Debug|Any CPU
		{86E0DD2A-213D-4994-B3E5-9494E8E981B2}.Release|Any CPU.ActiveCfg = Release|Any CPU
		{86E0DD2A-213D-4994-B3E5-9494E8E981B2}.Release|Any CPU.Build.0 = Release|Any CPU
		{55D702F7-E454-467F-9691-1EA890ECE37E}.Debug|Any CPU.ActiveCfg = Debug|Any CPU
		{55D702F7-E454-467F-9691-1EA890ECE37E}.Debug|Any CPU.Build.0 = Debug|Any CPU
		{55D702F7-E454-467F-9691-1EA890ECE37E}.Release|Any CPU.ActiveCfg = Release|Any CPU
		{55D702F7-E454-467F-9691-1EA890ECE37E}.Release|Any CPU.Build.0 = Release|Any CPU
	EndGlobalSection
	GlobalSection(SolutionProperties) = preSolution
		HideSolutionNode = FALSE
	EndGlobalSection
EndGlobal
